
Microsoft Visual Studio Solution File, Format Version 12.00
# Visual Studio Version 17
VisualStudioVersion = 17.1.32328.378
MinimumVisualStudioVersion = 10.0.40219.1
Project("{FAE04EC0-301F-11D3-BF4B-00C04F79EFBC}") = "Point Of Sale", "Point Of Sale\Point Of Sale.csproj", "{22510F5C-A904-4A15-AEA9-4E4270AE723B}"
EndProject
Project("{54435603-DBB4-11D2-8724-00A0C9A8B90C}") = "Point Of Sale by Iddhi", "Point Of Sale by Iddhi\Point Of Sale by Iddhi.vdproj", "{E6742D72-4550-4AFD-B4CD-44A09F42D465}"
EndProject
Global
	GlobalSection(SolutionConfigurationPlatforms) = preSolution
		Debug|Any CPU = Debug|Any CPU
		Release|Any CPU = Release|Any CPU
	EndGlobalSection
	GlobalSection(ProjectConfigurationPlatforms) = postSolution
		{22510F5C-A904-4A15-AEA9-4E4270AE723B}.Debug|Any CPU.ActiveCfg = Debug|Any CPU
		{22510F5C-A904-4A15-AEA9-4E4270AE723B}.Debug|Any CPU.Build.0 = Debug|Any CPU
		{22510F5C-A904-4A15-AEA9-4E4270AE723B}.Release|Any CPU.ActiveCfg = Release|Any CPU
		{22510F5C-A904-4A15-AEA9-4E4270AE723B}.Release|Any CPU.Build.0 = Release|Any CPU
		{E6742D72-4550-4AFD-B4CD-44A09F42D465}.Debug|Any CPU.ActiveCfg = Debug
		{E6742D72-4550-4AFD-B4CD-44A09F42D465}.Release|Any CPU.ActiveCfg = Release
	EndGlobalSection
	GlobalSection(SolutionProperties) = preSolution
		HideSolutionNode = FALSE
	EndGlobalSection
	GlobalSection(ExtensibilityGlobals) = postSolution
		SolutionGuid = {06E61C80-DD88-4466-BBAB-94B5B6C7FFEC}
	EndGlobalSection
EndGlobal
